Microsoft Visual Studio Solution File, Format Version 12.00
# Visual Studio 14
Project("{8BC9CEB8-8B4A-11D0-8D11-00A0C91BC942}") = "ALL_BUILD", "ALL_BUILD.vcxproj", "{4E05C032-E0BD-3AB9-ABC5-32303DD5B001}"
	ProjectSection(ProjectDependencies) = postProject
		{6BD340E5-992D-3256-AF96-01F16AB407FC} = {6BD340E5-992D-3256-AF96-01F16AB407FC}
		{F9E16A8F-86EB-3E68-9DE1-80FB51CCA55D} = {F9E16A8F-86EB-3E68-9DE1-80FB51CCA55D}
		{D4972BEA-CF1D-3282-B2E5-FD309099C387} = {D4972BEA-CF1D-3282-B2E5-FD309099C387}
		{1B47F4DA-055C-3BBD-AAA0-38F8CC7A8E2A} = {1B47F4DA-055C-3BBD-AAA0-38F8CC7A8E2A}
		{F340A818-06B8-3BDB-92FF-4776C493633B} = {F340A818-06B8-3BDB-92FF-4776C493633B}
		{841D72D5-FABE-3929-80AC-B0017FD7E80D} = {841D72D5-FABE-3929-80AC-B0017FD7E80D}
	EndProjectSection
EndProject
Project("{8BC9CEB8-8B4A-11D0-8D11-00A0C91BC942}") = "ZERO_CHECK", "ZERO_CHECK.vcxproj", "{6BD340E5-992D-3256-AF96-01F16AB407FC}"
	ProjectSection(ProjectDependencies) = postProject
	EndProjectSection
EndProject
Project("{8BC9CEB8-8B4A-11D0-8D11-00A0C91BC942}") = "cef_gtest", "tests\gtest\cef_gtest.vcxproj", "{F9E16A8F-86EB-3E68-9DE1-80FB51CCA55D}"
	ProjectSection(ProjectDependencies) = postProject
		{6BD340E5-992D-3256-AF96-01F16AB407FC} = {6BD340E5-992D-3256-AF96-01F16AB407FC}
	EndProjectSection
EndProject
Project("{8BC9CEB8-8B4A-11D0-8D11-00A0C91BC942}") = "cefclient", "tests\cefclient\cefclient.vcxproj", "{D4972BEA-CF1D-3282-B2E5-FD309099C387}"
	ProjectSection(ProjectDependencies) = postProject
		{6BD340E5-992D-3256-AF96-01F16AB407FC} = {6BD340E5-992D-3256-AF96-01F16AB407FC}
		{841D72D5-FABE-3929-80AC-B0017FD7E80D} = {841D72D5-FABE-3929-80AC-B0017FD7E80D}
	EndProjectSection
EndProject
Project("{8BC9CEB8-8B4A-11D0-8D11-00A0C91BC942}") = "cefsimple", "tests\cefsimple\cefsimple.vcxproj", "{1B47F4DA-055C-3BBD-AAA0-38F8CC7A8E2A}"
	ProjectSection(ProjectDependencies) = postProject
		{6BD340E5-992D-3256-AF96-01F16AB407FC} = {6BD340E5-992D-3256-AF96-01F16AB407FC}
		{841D72D5-FABE-3929-80AC-B0017FD7E80D} = {841D72D5-FABE-3929-80AC-B0017FD7E80D}
	EndProjectSection
EndProject
Project("{8BC9CEB8-8B4A-11D0-8D11-00A0C91BC942}") = "ceftests", "tests\ceftests\ceftests.vcxproj", "{F340A818-06B8-3BDB-92FF-4776C493633B}"
	ProjectSection(ProjectDependencies) = postProject
		{6BD340E5-992D-3256-AF96-01F16AB407FC} = {6BD340E5-992D-3256-AF96-01F16AB407FC}
		{F9E16A8F-86EB-3E68-9DE1-80FB51CCA55D} = {F9E16A8F-86EB-3E68-9DE1-80FB51CCA55D}
		{841D72D5-FABE-3929-80AC-B0017FD7E80D} = {841D72D5-FABE-3929-80AC-B0017FD7E80D}
	EndProjectSection
EndProject
Project("{8BC9CEB8-8B4A-11D0-8D11-00A0C91BC942}") = "libcef_dll_wrapper", "libcef_dll_wrapper\libcef_dll_wrapper.vcxproj", "{841D72D5-FABE-3929-80AC-B0017FD7E80D}"
	ProjectSection(ProjectDependencies) = postProject
		{6BD340E5-992D-3256-AF96-01F16AB407FC} = {6BD340E5-992D-3256-AF96-01F16AB407FC}
	EndProjectSection
EndProject
Global
	GlobalSection(SolutionConfigurationPlatforms) = preSolution
		Debug|Win32 = Debug|Win32
		Release|Win32 = Release|Win32
	EndGlobalSection
	GlobalSection(ProjectConfigurationPlatforms) = postSolution
		{4E05C032-E0BD-3AB9-ABC5-32303DD5B001}.Debug|Win32.ActiveCfg = Debug|Win32
		{4E05C032-E0BD-3AB9-ABC5-32303DD5B001}.Release|Win32.ActiveCfg = Release|Win32
		{6BD340E5-992D-3256-AF96-01F16AB407FC}.Debug|Win32.ActiveCfg = Debug|Win32
		{6BD340E5-992D-3256-AF96-01F16AB407FC}.Debug|Win32.Build.0 = Debug|Win32
		{6BD340E5-992D-3256-AF96-01F16AB407FC}.Release|Win32.ActiveCfg = Release|Win32
		{6BD340E5-992D-3256-AF96-01F16AB407FC}.Release|Win32.Build.0 = Release|Win32
		{F9E16A8F-86EB-3E68-9DE1-80FB51CCA55D}.Debug|Win32.ActiveCfg = Debug|Win32
		{F9E16A8F-86EB-3E68-9DE1-80FB51CCA55D}.Debug|Win32.Build.0 = Debug|Win32
		{F9E16A8F-86EB-3E68-9DE1-80FB51CCA55D}.Release|Win32.ActiveCfg = Release|Win32
		{F9E16A8F-86EB-3E68-9DE1-80FB51CCA55D}.Release|Win32.Build.0 = Release|Win32
		{D4972BEA-CF1D-3282-B2E5-FD309099C387}.Debug|Win32.ActiveCfg = Debug|Win32
		{D4972BEA-CF1D-3282-B2E5-FD309099C387}.Debug|Win32.Build.0 = Debug|Win32
		{D4972BEA-CF1D-3282-B2E5-FD309099C387}.Release|Win32.ActiveCfg = Release|Win32
		{D4972BEA-CF1D-3282-B2E5-FD309099C387}.Release|Win32.Build.0 = Release|Win32
		{1B47F4DA-055C-3BBD-AAA0-38F8CC7A8E2A}.Debug|Win32.ActiveCfg = Debug|Win32
		{1B47F4DA-055C-3BBD-AAA0-38F8CC7A8E2A}.Debug|Win32.Build.0 = Debug|Win32
		{1B47F4DA-055C-3BBD-AAA0-38F8CC7A8E2A}.Release|Win32.ActiveCfg = Release|Win32
		{1B47F4DA-055C-3BBD-AAA0-38F8CC7A8E2A}.Release|Win32.Build.0 = Release|Win32
		{F340A818-06B8-3BDB-92FF-4776C493633B}.Debug|Win32.ActiveCfg = Debug|Win32
		{F340A818-06B8-3BDB-92FF-4776C493633B}.Debug|Win32.Build.0 = Debug|Win32
		{F340A818-06B8-3BDB-92FF-4776C493633B}.Release|Win32.ActiveCfg = Release|Win32
		{F340A818-06B8-3BDB-92FF-4776C493633B}.Release|Win32.Build.0 = Release|Win32
		{841D72D5-FABE-3929-80AC-B0017FD7E80D}.Debug|Win32.ActiveCfg = Debug|Win32
		{841D72D5-FABE-3929-80AC-B0017FD7E80D}.Debug|Win32.Build.0 = Debug|Win32
		{841D72D5-FABE-3929-80AC-B0017FD7E80D}.Release|Win32.ActiveCfg = Release|Win32
		{841D72D5-FABE-3929-80AC-B0017FD7E80D}.Release|Win32.Build.0 = Release|Win32
	EndGlobalSection
	GlobalSection(ExtensibilityGlobals) = postSolution
	EndGlobalSection
	GlobalSection(ExtensibilityAddIns) = postSolution
	EndGlobalSection
EndGlobal
